// !$*UTF8*$!
{
	archiveVersion = 1;
	classes = {
	};
	objectVersion = 56;
	objects = {

/* Begin PBXBuildFile section */
		A900C6B12AB2FE4100DC94D8 /* AppDelegate.swift in Sources */ = {isa = PBXBuildFile; fileRef = A900C6B02AB2FE4100DC94D8 /* AppDelegate.swift */; };
		A900C6B32AB2FE4100DC94D8 /* SceneDelegate.swift in Sources */ = {isa = PBXBuildFile; fileRef = A900C6B22AB2FE4100DC94D8 /* SceneDelegate.swift */; };
		A900C6B52AB2FE4100DC94D8 /* ViewController.swift in Sources */ = {isa = PBXBuildFile; fileRef = A900C6B42AB2FE4100DC94D8 /* ViewController.swift */; };
		A900C6B82AB2FE4100DC94D8 /* Main.storyboard in Resources */ = {isa = PBXBuildFile; fileRef = A900C6B62AB2FE4100DC94D8 /* Main.storyboard */; };
		A900C6BA2AB2FE4200DC94D8 /* Assets.xcassets in Resources */ = {isa = PBXBuildFile; fileRef = A900C6B92AB2FE4200DC94D8 /* Assets.xcassets */; };
		A900C6BD2AB2FE4200DC94D8 /* LaunchScreen.storyboard in Resources */ = {isa = PBXBuildFile; fileRef = A900C6BB2AB2FE4200DC94D8 /* LaunchScreen.storyboard */; };
		A9BE29DD2ABC6E2300F5E7FC /* GoogleInteractiveMediaAds.xcframework in Frameworks */ = {isa = PBXBuildFile; fileRef = A9BE29DB2ABC6E1E00F5E7FC /* GoogleInteractiveMediaAds.xcframework */; };
		A9BE29DE2ABC6E2300F5E7FC /* GoogleInteractiveMediaAds.xcframework in Embed Frameworks */ = {isa = PBXBuildFile; fileRef = A9BE29DB2ABC6E1E00F5E7FC /* GoogleInteractiveMediaAds.xcframework */; settings = {ATTRIBUTES = (CodeSignOnCopy, RemoveHeadersOnCopy, ); }; };
		A9BE29E32ABC72F000F5E7FC /* YeahAds.xcframework in Frameworks */ = {isa = PBXBuildFile; fileRef = A9BE29E12ABC72E600F5E7FC /* YeahAds.xcframework */; };
		A9BE29E42ABC72F000F5E7FC /* YeahAds.xcframework in Embed Frameworks */ = {isa = PBXBuildFile; fileRef = A9BE29E12ABC72E600F5E7FC /* YeahAds.xcframework */; settings = {ATTRIBUTES = (CodeSignOnCopy, RemoveHeadersOnCopy, ); }; };
/* End PBXBuildFile section */

/* Begin PBXCopyFilesBuildPhase section */
		A93EA1FA2ABACA0A0004CC29 /* Embed Frameworks */ = {
			isa = PBXCopyFilesBuildPhase;
			buildActionMask = 12;
			dstPath = "";
			dstSubfolderSpec = 10;
			files = (
				A9BE29DE2ABC6E2300F5E7FC /* GoogleInteractiveMediaAds.xcframework in Embed Frameworks */,
				A9BE29E42ABC72F000F5E7FC /* YeahAds.xcframework in Embed Frameworks */,
			);
			name = "Embed Frameworks";
			runOnlyForDeploymentPostprocessing = 0;
		};
/* End PBXCopyFilesBuildPhase section */

/* Begin PBXFileReference section */
		A900C6AD2AB2FE4100DC94D8 /* YeahApp.app */ = {isa = PBXFileReference; explicitFileType = wrapper.application; includeInIndex = 0; path = YeahApp.app; sourceTree = BUILT_PRODUCTS_DIR; };
		A900C6B02AB2FE4100DC94D8 /* AppDelegate.swift */ = {isa = PBXFileReference; lastKnownFileType = sourcecode.swift; path = AppDelegate.swift; sourceTree = "<group>"; };
		A900C6B22AB2FE4100DC94D8 /* SceneDelegate.swift */ = {isa = PBXFileReference; lastKnownFileType = sourcecode.swift; path = SceneDelegate.swift; sourceTree = "<group>"; };
		A900C6B42AB2FE4100DC94D8 /* ViewController.swift */ = {isa = PBXFileReference; lastKnownFileType = sourcecode.swift; path = ViewController.swift; sourceTree = "<group>"; };
		A900C6B72AB2FE4100DC94D8 /* Base */ = {isa = PBXFileReference; lastKnownFileType = file.storyboard; name = Base; path = Base.lproj/Main.storyboard; sourceTree = "<group>"; };
		A900C6B92AB2FE4200DC94D8 /* Assets.xcassets */ = {isa = PBXFileReference; lastKnownFileType = folder.assetcatalog; path = Assets.xcassets; sourceTree = "<group>"; };
		A900C6BC2AB2FE4200DC94D8 /* Base */ = {isa = PBXFileReference; lastKnownFileType = file.storyboard; name = Base; path = Base.lproj/LaunchScreen.storyboard; sourceTree = "<group>"; };
		A900C6BE2AB2FE4200DC94D8 /* Info.plist */ = {isa = PBXFileReference; lastKnownFileType = text.plist.xml; path = Info.plist; sourceTree = "<group>"; };
		A9BE29DB2ABC6E1E00F5E7FC /* GoogleInteractiveMediaAds.xcframework */ = {isa = PBXFileReference; lastKnownFileType = wrapper.xcframework; path = GoogleInteractiveMediaAds.xcframework; sourceTree = "<group>"; };
		A9BE29E12ABC72E600F5E7FC /* YeahAds.xcframework */ = {isa = PBXFileReference; lastKnownFileType = wrapper.xcframework; path = YeahAds.xcframework; sourceTree = "<group>"; };
/* End PBXFileReference section */

/* Begin PBXFrameworksBuildPhase section */
		A900C6AA2AB2FE4100DC94D8 /* Frameworks */ = {
			isa = PBXFrameworksBuildPhase;
			buildActionMask = 2147483647;
			files = (
				A9BE29DD2ABC6E2300F5E7FC /* GoogleInteractiveMediaAds.xcframework in Frameworks */,
				A9BE29E32ABC72F000F5E7FC /* YeahAds.xcframework in Frameworks */,
			);
			runOnlyForDeploymentPostprocessing = 0;
		};
/* End PBXFrameworksBuildPhase section */

/* Begin PBXGroup section */
		A900C6A42AB2FE4100DC94D8 = {
			isa = PBXGroup;
			children = (
				A900C6AF2AB2FE4100DC94D8 /* YeahApp */,
				A900C6AE2AB2FE4100DC94D8 /* Products */,
			);
			sourceTree = "<group>";
		};
		A900C6AE2AB2FE4100DC94D8 /* Products */ = {
			isa = PBXGroup;
			children = (
				A900C6AD2AB2FE4100DC94D8 /* YeahApp.app */,
			);
			name = Products;
			sourceTree = "<group>";
		};
		A900C6AF2AB2FE4100DC94D8 /* YeahApp */ = {
			isa = PBXGroup;
			children = (
				A9BE29DB2ABC6E1E00F5E7FC /* GoogleInteractiveMediaAds.xcframework */,
				A9BE29E12ABC72E600F5E7FC /* YeahAds.xcframework */,
				A900C6B02AB2FE4100DC94D8 /* AppDelegate.swift */,
				A900C6B22AB2FE4100DC94D8 /* SceneDelegate.swift */,
				A900C6B42AB2FE4100DC94D8 /* ViewController.swift */,
				A900C6B62AB2FE4100DC94D8 /* Main.storyboard */,
				A900C6B92AB2FE4200DC94D8 /* Assets.xcassets */,
				A900C6BB2AB2FE4200DC94D8 /* LaunchScreen.storyboard */,
				A900C6BE2AB2FE4200DC94D8 /* Info.plist */,
			);
			path = YeahApp;
			sourceTree = "<group>";
		};
/* End PBXGroup section */

/* Begin PBXNativeTarget section */
		A900C6AC2AB2FE4100DC94D8 /* YeahApp */ = {
			isa = PBXNativeTarget;
			buildConfigurationList = A900C6C12AB2FE4200DC94D8 /* Build configuration list for PBXNativeTarget "YeahApp" */;
			buildPhases = (
				A900C6A92AB2FE4100DC94D8 /* Sources */,
				A900C6AA2AB2FE4100DC94D8 /* Frameworks */,
				A900C6AB2AB2FE4100DC94D8 /* Resources */,
				A93EA1FA2ABACA0A0004CC29 /* Embed Frameworks */,
			);
			buildRules = (
			);
			dependencies = (
			);
			name = YeahApp;
			productName = YeahApp;
			productReference = A900C6AD2AB2FE4100DC94D8 /* YeahApp.app */;
			productType = "com.apple.product-type.application";
		};
/* End PBXNativeTarget section */

/* Begin PBXProject section */
		A900C6A52AB2FE4100DC94D8 /* Project object */ = {
			isa = PBXProject;
			attributes = {
				BuildIndependentTargetsInParallel = 1;
				LastSwiftUpdateCheck = 1430;
				LastUpgradeCheck = 1430;
				TargetAttributes = {
					A900C6AC2AB2FE4100DC94D8 = {
						CreatedOnToolsVersion = 14.3;
					};
				};
			};
			buildConfigurationList = A900C6A82AB2FE4100DC94D8 /* Build configuration list for PBXProject "YeahApp" */;
			compatibilityVersion = "Xcode 14.0";
			developmentRegion = en;
			hasScannedForEncodings = 0;
			knownRegions = (
				en,
				Base,
			);
			mainGroup = A900C6A42AB2FE4100DC94D8;
			productRefGroup = A900C6AE2AB2FE4100DC94D8 /* Products */;
			projectDirPath = "";
			projectRoot = "";
			targets = (
				A900C6AC2AB2FE4100DC94D8 /* YeahApp */,
			);
		};
/* End PBXProject section */

/* Begin PBXResourcesBuildPhase section */
		A900C6AB2AB2FE4100DC94D8 /* Resources */ = {
			isa = PBXResourcesBuildPhase;
			buildActionMask = 2147483647;
			files = (
				A900C6BD2AB2FE4200DC94D8 /* LaunchScreen.storyboard in Resources */,
				A900C6BA2AB2FE4200DC94D8 /* Assets.xcassets in Resources */,
				A900C6B82AB2FE4100DC94D8 /* Main.storyboard in Resources */,
			);
			runOnlyForDeploymentPostprocessing = 0;
		};
/* End PBXResourcesBuildPhase section */

/* Begin PBXSourcesBuildPhase section */
		A900C6A92AB2FE4100DC94D8 /* Sources */ = {
			isa = PBXSourcesBuildPhase;
			buildActionMask = 2147483647;
			files = (
				A900C6B52AB2FE4100DC94D8 /* ViewController.swift in Sources */,
				A900C6B12AB2FE4100DC94D8 /* AppDelegate.swift in Sources */,
				A900C6B32AB2FE4100DC94D8 /* SceneDelegate.swift in Sources */,
			);
			runOnlyForDeploymentPostprocessing = 0;
		};
/* End PBXSourcesBuildPhase section */

/* Begin PBXVariantGroup section */
		A900C6B62AB2FE4100DC94D8 /* Main.storyboard */ = {
			isa = PBXVariantGroup;
			children = (
				A900C6B72AB2FE4100DC94D8 /* Base */,
			);
			name = Main.storyboard;
			sourceTree = "<group>";
		};
		A900C6BB2AB2FE4200DC94D8 /* LaunchScreen.storyboard */ = {
			isa = PBXVariantGroup;
			children = (
				A900C6BC2AB2FE4200DC94D8 /* Base */,
			);
			name = LaunchScreen.storyboard;
			sourceTree = "<group>";
		};
/* End PBXVariantGroup section */

/* Begin XCBuildConfiguration section */
		A900C6BF2AB2FE4200DC94D8 /* Debug */ = {
			isa = XCBuildConfiguration;
			buildSettings = {
				ALWAYS_SEARCH_USER_PATHS = NO;
				CLANG_ANALYZER_NONNULL = YES;
				CLANG_ANALYZER_NUMBER_OBJECT_CONVERSION = YES_AGGRESSIVE;
				CLANG_CXX_LANGUAGE_STANDARD = "gnu++20";
				CLANG_ENABLE_MODULES = YES;
				CLANG_ENABLE_OBJC_ARC = YES;
				CLANG_ENABLE_OBJC_WEAK = YES;
				CLANG_WARN_BLOCK_CAPTURE_AUTORELEASING = YES;
				CLANG_WARN_BOOL_CONVERSION = YES;
				CLANG_WARN_COMMA = YES;
				CLANG_WARN_CONSTANT_CONVERSION = YES;
				CLANG_WARN_DEPRECATED_OBJC_IMPLEMENTATIONS = YES;
				CLANG_WARN_DIRECT_OBJC_ISA_USAGE = YES_ERROR;
				CLANG_WARN_DOCUMENTATION_COMMENTS = YES;
				CLANG_WARN_EMPTY_BODY = YES;
				CLANG_WARN_ENUM_CONVERSION = YES;
				CLANG_WARN_INFINITE_RECURSION = YES;
				CLANG_WARN_INT_CONVERSION = YES;
				CLANG_WARN_NON_LITERAL_NULL_CONVERSION = YES;
				CLANG_WARN_OBJC_IMPLICIT_RETAIN_SELF = YES;
				CLANG_WARN_OBJC_LITERAL_CONVERSION = YES;
				CLANG_WARN_OBJC_ROOT_CLASS = YES_ERROR;
				CLANG_WARN_QUOTED_INCLUDE_IN_FRAMEWORK_HEADER = YES;
				CLANG_WARN_RANGE_LOOP_ANALYSIS = YES;
				CLANG_WARN_STRICT_PROTOTYPES = YES;
				CLANG_WARN_SUSPICIOUS_MOVE = YES;
				CLANG_WARN_UNGUARDED_AVAILABILITY = YES_AGGRESSIVE;
				CLANG_WARN_UNREACHABLE_CODE = YES;
				CLANG_WARN__DUPLICATE_METHOD_MATCH = YES;
				COPY_PHASE_STRIP = NO;
				DEBUG_INFORMATION_FORMAT = dwarf;
				ENABLE_STRICT_OBJC_MSGSEND = YES;
				ENABLE_TESTABILITY = YES;
				GCC_C_LANGUAGE_STANDARD = gnu11;
				GCC_DYNAMIC_NO_PIC = NO;
				GCC_NO_COMMON_BLOCKS = YES;
				GCC_OPTIMIZATION_LEVEL = 0;
				GCC_PREPROCESSOR_DEFINITIONS = (
					"DEBUG=1",
					"$(inherited)",
				);
				GCC_WARN_64_TO_32_BIT_CONVERSION = YES;
				GCC_WARN_ABOUT_RETURN_TYPE = YES_ERROR;
				GCC_WARN_UNDECLARED_SELECTOR = YES;
				GCC_WARN_UNINITIALIZED_AUTOS = YES_AGGRESSIVE;
				GCC_WARN_UNUSED_FUNCTION = YES;
				GCC_WARN_UNUSED_VARIABLE = YES;
				IPHONEOS_DEPLOYMENT_TARGET = 16.4;
				MTL_ENABLE_DEBUG_INFO = INCLUDE_SOURCE;
				MTL_FAST_MATH = YES;
				ONLY_ACTIVE_ARCH = YES;
				SDKROOT = iphoneos;
				SWIFT_ACTIVE_COMPILATION_CONDITIONS = DEBUG;
				SWIFT_OPTIMIZATION_LEVEL = "-Onone";
			};
			name = Debug;
		};
		A900C6C02AB2FE4200DC94D8 /* Release */ = {
			isa = XCBuildConfiguration;
			buildSettings = {
				ALWAYS_SEARCH_USER_PATHS = NO;
				CLANG_ANALYZER_NONNULL = YES;
				CLANG_ANALYZER_NUMBER_OBJECT_CONVERSION = YES_AGGRESSIVE;
				CLANG_CXX_LANGUAGE_STANDARD = "gnu++20";
				CLANG_ENABLE_MODULES = YES;
				CLANG_ENABLE_OBJC_ARC = YES;
				CLANG_ENABLE_OBJC_WEAK = YES;
				CLANG_WARN_BLOCK_CAPTURE_AUTORELEASING = YES;
				CLANG_WARN_BOOL_CONVERSION = YES;
				CLANG_WARN_COMMA = YES;
				CLANG_WARN_CONSTANT_CONVERSION = YES;
				CLANG_WARN_DEPRECATED_OBJC_IMPLEMENTATIONS = YES;
				CLANG_WARN_DIRECT_OBJC_ISA_USAGE = YES_ERROR;
				CLANG_WARN_DOCUMENTATION_COMMENTS = YES;
				CLANG_WARN_EMPTY_BODY = YES;
				CLANG_WARN_ENUM_CONVERSION = YES;
				CLANG_WARN_INFINITE_RECURSION = YES;
				CLANG_WARN_INT_CONVERSION = YES;
				CLANG_WARN_NON_LITERAL_NULL_CONVERSION = YES;
				CLANG_WARN_OBJC_IMPLICIT_RETAIN_SELF = YES;
				CLANG_WARN_OBJC_LITERAL_CONVERSION = YES;
				CLANG_WARN_OBJC_ROOT_CLASS = YES_ERROR;
				CLANG_WARN_QUOTED_INCLUDE_IN_FRAMEWORK_HEADER = YES;
				CLANG_WARN_RANGE_LOOP_ANALYSIS = YES;
				CLANG_WARN_STRICT_PROTOTYPES = YES;
				CLANG_WARN_SUSPICIOUS_MOVE = YES;
				CLANG_WARN_UNGUARDED_AVAILABILITY = YES_AGGRESSIVE;
				CLANG_WARN_UNREACHABLE_CODE = YES;
				CLANG_WARN__DUPLICATE_METHOD_MATCH = YES;
				COPY_PHASE_STRIP = NO;
				DEBUG_INFORMATION_FORMAT = "dwarf-with-dsym";
				ENABLE_NS_ASSERTIONS = NO;
				ENABLE_STRICT_OBJC_MSGSEND = YES;
				GCC_C_LANGUAGE_STANDARD = gnu11;
				GCC_NO_COMMON_BLOCKS = YES;
				GCC_WARN_64_TO_32_BIT_CONVERSION = YES;
				GCC_WARN_ABOUT_RETURN_TYPE = YES_ERROR;
				GCC_WARN_UNDECLARED_SELECTOR = YES;
				GCC_WARN_UNINITIALIZED_AUTOS = YES_AGGRESSIVE;
				GCC_WARN_UNUSED_FUNCTION = YES;
				GCC_WARN_UNUSED_VARIABLE = YES;
				IPHONEOS_DEPLOYMENT_TARGET = 16.4;
				MTL_ENABLE_DEBUG_INFO = NO;
				MTL_FAST_MATH = YES;
				SDKROOT = iphoneos;
				SWIFT_COMPILATION_MODE = wholemodule;
				SWIFT_OPTIMIZATION_LEVEL = "-O";
				VALIDATE_PRODUCT = YES;
			};
			name = Release;
		};
		A900C6C22AB2FE4200DC94D8 /* Debug */ = {
			isa = XCBuildConfiguration;
			buildSettings = {
				ASSETCATALOG_COMPILER_APPICON_NAME = AppIcon;
				ASSETCATALOG_COMPILER_GLOBAL_ACCENT_COLOR_NAME = AccentColor;
				CODE_SIGN_STYLE = Automatic;
				CURRENT_PROJECT_VERSION = 1;
				DEVELOPMENT_TEAM = 59UEFBLYV9;
				EXCLUDED_ARCHS = "";
				FRAMEWORK_SEARCH_PATHS = (
					"$(inherited)",
					"$(PROJECT_DIR)/YeahApp",
				);
				GENERATE_INFOPLIST_FILE = YES;
				INFOPLIST_FILE = YeahApp/Info.plist;
				INFOPLIST_KEY_NSLocationAlwaysAndWhenInUseUsageDescription = "To access user location";
				INFOPLIST_KEY_NSLocationWhenInUseUsageDescription = "To access user location";
				INFOPLIST_KEY_UIApplicationSupportsIndirectInputEvents = YES;
				INFOPLIST_KEY_UILaunchStoryboardName = LaunchScreen;
				INFOPLIST_KEY_UIMainStoryboardFile = Main;
				INFOPLIST_KEY_UISupportedInterfaceOrientations = UIInterfaceOrientationPortrait;
				INFOPLIST_KEY_UISupportedInterfaceOrientations_iPad = UIInterfaceOrientationLandscapeRight;
				IPHONEOS_DEPLOYMENT_TARGET = 13.0;
				LD_RUNPATH_SEARCH_PATHS = (
					"$(inherited)",
					"@executable_path/Frameworks",
				);
				MARKETING_VERSION = 1.0;
				PRODUCT_BUNDLE_IDENTIFIER = com.ios.YeahApp;
				PRODUCT_NAME = "$(TARGET_NAME)";
				SUPPORTED_PLATFORMS = "iphoneos iphonesimulator";
				SUPPORTS_MACCATALYST = NO;
				SUPPORTS_MAC_DESIGNED_FOR_IPHONE_IPAD = YES;
				SWIFT_EMIT_LOC_STRINGS = YES;
				SWIFT_VERSION = 5.0;
				TARGETED_DEVICE_FAMILY = 1;
			};
			name = Debug;
		};
		A900C6C32AB2FE4200DC94D8 /* Release */ = {
			isa = XCBuildConfiguration;
			buildSettings = {
				ASSETCATALOG_COMPILER_APPICON_NAME = AppIcon;
				ASSETCATALOG_COMPILER_GLOBAL_ACCENT_COLOR_NAME = AccentColor;
				CODE_SIGN_STYLE = Automatic;
				CURRENT_PROJECT_VERSION = 1;
				DEVELOPMENT_TEAM = 59UEFBLYV9;
				EXCLUDED_ARCHS = "";
				FRAMEWORK_SEARCH_PATHS = (
					"$(inherited)",
					"$(PROJECT_DIR)/YeahApp",
				);
				GENERATE_INFOPLIST_FILE = YES;
				INFOPLIST_FILE = YeahApp/Info.plist;
				INFOPLIST_KEY_NSLocationAlwaysAndWhenInUseUsageDescription = "To access user location";
				INFOPLIST_KEY_NSLocationWhenInUseUsageDescription = "To access user location";
				INFOPLIST_KEY_UIApplicationSupportsIndirectInputEvents = YES;
				INFOPLIST_KEY_UILaunchStoryboardName = LaunchScreen;
				INFOPLIST_KEY_UIMainStoryboardFile = Main;
				INFOPLIST_KEY_UISupportedInterfaceOrientations = UIInterfaceOrientationPortrait;
				INFOPLIST_KEY_UISupportedInterfaceOrientations_iPad = UIInterfaceOrientationLandscapeRight;
				IPHONEOS_DEPLOYMENT_TARGET = 13.0;
				LD_RUNPATH_SEARCH_PATHS = (
					"$(inherited)",
					"@executable_path/Frameworks",
				);
				MARKETING_VERSION = 1.0;
				PRODUCT_BUNDLE_IDENTIFIER = com.ios.YeahApp;
				PRODUCT_NAME = "$(TARGET_NAME)";
				SUPPORTED_PLATFORMS = "iphoneos iphonesimulator";
				SUPPORTS_MACCATALYST = NO;
				SUPPORTS_MAC_DESIGNED_FOR_IPHONE_IPAD = YES;
				SWIFT_EMIT_LOC_STRINGS = YES;
				SWIFT_VERSION = 5.0;
				TARGETED_DEVICE_FAMILY = 1;
			};
			name = Release;
		};
/* End XCBuildConfiguration section */

/* Begin XCConfigurationList section */
		A900C6A82AB2FE4100DC94D8 /* Build configuration list for PBXProject "YeahApp" */ = {
			isa = XCConfigurationList;
			buildConfigurations = (
				A900C6BF2AB2FE4200DC94D8 /* Debug */,
				A900C6C02AB2FE4200DC94D8 /* Release */,
			);
			defaultConfigurationIsVisible = 0;
			defaultConfigurationName = Release;
		};
		A900C6C12AB2FE4200DC94D8 /* Build configuration list for PBXNativeTarget "YeahApp" */ = {
			isa = XCConfigurationList;
			buildConfigurations = (
				A900C6C22AB2FE4200DC94D8 /* Debug */,
				A900C6C32AB2FE4200DC94D8 /* Release */,
			);
			defaultConfigurationIsVisible = 0;
			defaultConfigurationName = Release;
		};
/* End XCConfigurationList section */
	};
	rootObject = A900C6A52AB2FE4100DC94D8 /* Project object */;
}
